{
  "version": 4,
  "terraform_version": "0.12.24",
  "serial": 16,
  "lineage": "37846a98-c0b7-b5bc-663a-54f6a648d5a7",
  "outputs": {},
  "resources": [
    {
      "mode": "data",
      "type": "template_file",
      "name": "madlib",
      "provider": "provider.template",
      "instances": [
        {
          "schema_version": 0,
          "attributes": {
            "filename": null,
            "id": "efa72bfb177c012d79fc85b57de207ada3260c901a7f3210f73fd6261c8597b9",
            "rendered": "ALICE'S UPSIDE-DOWN WORLD\n \nLewis Carroll's classic, \"Alice's Adventures in Wonderland\", as well as\nits thundering sequel, \"Through the Looking violin\",\nhave enchanted both the young and old walnutss for the\nlast 73 years, Alice's chubby adventures begin when\nshe runs down a/an abundant hole and lands\nin a strange and topsy-turvy sandwich. There she discovers she\ncan become a tall jigsaw or a small milk simply by\nnibbling on alternate sides of a magic banana. In her travels\nthrough Wonderland, Alice loves such remarkable\ncharacters as the White Zeus, the grumpy Hatter,\nthe Cheshire cat, and even the Queen of panthers.\nUnfortunately, Alice's adventures come to a/an sticky end\nwhen Alice awakens from her sun.\n \n# The template data source will process the text from the file and perform a find and replace for each of the interpolation variables",
            "template": "ALICE'S UPSIDE-DOWN WORLD\n \nLewis Carroll's classic, \"Alice's Adventures in Wonderland\", as well as\nits ${ADJECTIVE0} sequel, \"Through the Looking ${NOUN0}\",\nhave enchanted both the young and old ${NOUN1}s for the\nlast ${NUMBER0} years, Alice's ${ADJECTIVE1} adventures begin when\nshe ${VERB0}s down a/an ${ADJECTIVE2} hole and lands\nin a strange and topsy-turvy ${NOUN2}. There she discovers she\ncan become a tall ${NOUN3} or a small ${NOUN4} simply by\nnibbling on alternate sides of a magic ${NOUN5}. In her travels\nthrough Wonderland, Alice ${VERB1}s such remarkable\ncharacters as the White ${NOUN6}, the ${ADJECTIVE3} Hatter,\nthe Cheshire ${NOUN7}, and even the Queen of ${NOUN8}s.\nUnfortunately, Alice's adventures come to a/an ${ADJECTIVE4} end\nwhen Alice awakens from her ${NOUN9}.\n \n# The template data source will process the text from the file and perform a find and replace for each of the interpolation variables",
            "vars": {
              "ADJECTIVE0": "thundering",
              "ADJECTIVE1": "chubby",
              "ADJECTIVE2": "abundant",
              "ADJECTIVE3": "grumpy",
              "ADJECTIVE4": "sticky",
              "NOUN0": "violin",
              "NOUN1": "walnuts",
              "NOUN2": "sandwich",
              "NOUN3": "jigsaw",
              "NOUN4": "milk",
              "NOUN5": "banana",
              "NOUN6": "Zeus",
              "NOUN7": "cat",
              "NOUN8": "panther",
              "NOUN9": "sun",
              "NUMBER0": "73",
              "VERB0": "run",
              "VERB1": "love"
            }
          }
        }
      ]
    },
    {
      "mode": "managed",
      "type": "local_file",
      "name": "mad_lib",
      "provider": "provider.local",
      "instances": [
        {
          "schema_version": 0,
          "attributes": {
            "content": "ALICE'S UPSIDE-DOWN WORLD\n \nLewis Carroll's classic, \"Alice's Adventures in Wonderland\", as well as\nits thundering sequel, \"Through the Looking violin\",\nhave enchanted both the young and old walnutss for the\nlast 73 years, Alice's chubby adventures begin when\nshe runs down a/an abundant hole and lands\nin a strange and topsy-turvy sandwich. There she discovers she\ncan become a tall jigsaw or a small milk simply by\nnibbling on alternate sides of a magic banana. In her travels\nthrough Wonderland, Alice loves such remarkable\ncharacters as the White Zeus, the grumpy Hatter,\nthe Cheshire cat, and even the Queen of panthers.\nUnfortunately, Alice's adventures come to a/an sticky end\nwhen Alice awakens from her sun.\n \n# The template data source will process the text from the file and perform a find and replace for each of the interpolation variables",
            "content_base64": null,
            "directory_permission": "0777",
            "file_permission": "0777",
            "filename": "madlibs.txt",
            "id": "7603688dc5e9c2e55e6d62589dc3efc56ea49174",
            "sensitive_content": null
          },
          "private": "bnVsbA==",
          "dependencies": [
            "random_shuffle.random_adjectives",
            "random_shuffle.random_nouns",
            "random_shuffle.random_numbers",
            "random_shuffle.random_verbs"
          ]
        }
      ]
    },
    {
      "mode": "managed",
      "type": "random_shuffle",
      "name": "random_adjectives",
      "provider": "provider.random",
      "instances": [
        {
          "schema_version": 0,
          "attributes": {
            "id": "-",
            "input": [
              "bitter",
              "sticky",
              "thundering",
              "abundant",
              "chubby",
              "grumpy"
            ],
            "keepers": null,
            "result": [
              "thundering",
              "chubby",
              "abundant",
              "grumpy",
              "sticky",
              "bitter"
            ],
            "result_count": null,
            "seed": null
          },
          "private": "bnVsbA=="
        }
      ]
    },
    {
      "mode": "managed",
      "type": "random_shuffle",
      "name": "random_adverbs",
      "provider": "provider.random",
      "instances": [
        {
          "schema_version": 0,
          "attributes": {
            "id": "-",
            "input": [
              "delicately",
              "beautifully",
              "quickly",
              "truthfully",
              "wearily"
            ],
            "keepers": null,
            "result": [
              "truthfully",
              "wearily",
              "beautifully",
              "delicately",
              "quickly"
            ],
            "result_count": null,
            "seed": null
          },
          "private": "bnVsbA=="
        }
      ]
    },
    {
      "mode": "managed",
      "type": "random_shuffle",
      "name": "random_nouns",
      "provider": "provider.random",
      "instances": [
        {
          "schema_version": 0,
          "attributes": {
            "id": "-",
            "input": [
              "army",
              "panther",
              "walnuts",
              "sandwich",
              "Zeus",
              "banana",
              "cat",
              "jellyfish",
              "jigsaw",
              "violin",
              "milk",
              "sun"
            ],
            "keepers": null,
            "result": [
              "violin",
              "walnuts",
              "sandwich",
              "jigsaw",
              "milk",
              "banana",
              "Zeus",
              "cat",
              "panther",
              "sun",
              "army",
              "jellyfish"
            ],
            "result_count": null,
            "seed": null
          },
          "private": "bnVsbA=="
        }
      ]
    },
    {
      "mode": "managed",
      "type": "random_shuffle",
      "name": "random_numbers",
      "provider": "provider.random",
      "instances": [
        {
          "schema_version": 0,
          "attributes": {
            "id": "-",
            "input": [
              "42",
              "27",
              "101",
              "73",
              "-5",
              "0"
            ],
            "keepers": null,
            "result": [
              "73",
              "27",
              "-5",
              "0",
              "101",
              "42"
            ],
            "result_count": null,
            "seed": null
          },
          "private": "bnVsbA=="
        }
      ]
    },
    {
      "mode": "managed",
      "type": "random_shuffle",
      "name": "random_verbs",
      "provider": "provider.random",
      "instances": [
        {
          "schema_version": 0,
          "attributes": {
            "id": "-",
            "input": [
              "run",
              "dance",
              "love",
              "respect",
              "kicked",
              "baked"
            ],
            "keepers": null,
            "result": [
              "run",
              "love",
              "respect",
              "kicked",
              "baked",
              "dance"
            ],
            "result_count": null,
            "seed": null
          },
          "private": "bnVsbA=="
        }
      ]
    }
  ]
}
